{
  "nodes": {
    "flake-utils": {
      "locked": {
        "lastModified": 1652776076,
        "narHash": "sha256-gzTw/v1vj4dOVbpBSJX4J0DwUR6LIyXo7/SuuTJp1kM=",
        "owner": "numtide",
        "repo": "flake-utils",
        "rev": "04c1b180862888302ddfb2e3ad9eaa63afc60cf8",
        "type": "github"
      },
      "original": {
        "owner": "numtide",
        "ref": "v1.0.0",
        "repo": "flake-utils",
        "type": "github"
      }
    },
    "nixos": {
      "locked": {
        "lastModified": 1687829761,
        "narHash": "sha256-QRe1Y8SS3M4GeC58F/6ajz6V0ZLUVWX3ZAMgov2N3/g=",
        "owner": "NixOS",
        "repo": "nixpkgs",
        "rev": "9790f3242da2152d5aa1976e3e4b8b414f4dd206",
        "type": "github"
      },
      "original": {
        "owner": "NixOS",
        "ref": "nixos-23.05",
        "repo": "nixpkgs",
        "type": "github"
      }
    },
    "pythoneda-artifact-event-git-tagging": {
      "inputs": {
        "flake-utils": [
          "pythoneda-realm-unveilingpartner",
          "flake-utils"
        ],
        "nixos": [
          "pythoneda-realm-unveilingpartner",
          "nixos"
        ],
        "pythoneda-base": [
          "pythoneda-realm-unveilingpartner",
          "pythoneda-base"
        ]
      },
      "locked": {
        "lastModified": 1687939693,
        "narHash": "sha256-Tj93uxNc24ZV4+AazbYhRGg00KOvXpE8ZVCXlMOP0X8=",
        "owner": "pythoneda-artifact-event",
        "repo": "git-tagging",
        "rev": "74f5f5bd33e68fc793a110da89b92d12d1625280",
        "type": "github"
      },
      "original": {
        "owner": "pythoneda-artifact-event",
        "ref": "0.0.1a1",
        "repo": "git-tagging",
        "type": "github"
      }
    },
    "pythoneda-base": {
      "inputs": {
        "flake-utils": [
          "flake-utils"
        ],
        "nixos": [
          "nixos"
        ]
      },
      "locked": {
        "lastModified": 1687444738,
        "narHash": "sha256-oxyPAWP+egkj1sX/KcFggtmrwQDmgd75Yq8VTO2fIh4=",
        "owner": "pythoneda",
        "repo": "base",
        "rev": "7fff528b47b120718a093c726b942f2e8af6db15",
        "type": "github"
      },
      "original": {
        "owner": "pythoneda",
        "ref": "0.0.1a15",
        "repo": "base",
        "type": "github"
      }
    },
    "pythoneda-infrastructure-base": {
      "inputs": {
        "flake-utils": [
          "flake-utils"
        ],
        "nixos": [
          "nixos"
        ],
        "pythoneda-base": [
          "pythoneda-base"
        ]
      },
      "locked": {
        "lastModified": 1687445196,
        "narHash": "sha256-lcaaY2PJujZqL44zBKE5idIMF0NiTg1QM5nL1tMX1nM=",
        "owner": "pythoneda-infrastructure",
        "repo": "base",
        "rev": "826a4c5ec7b7ec7ee14971d318e224e03d696be5",
        "type": "github"
      },
      "original": {
        "owner": "pythoneda-infrastructure",
        "ref": "0.0.1a11",
        "repo": "base",
        "type": "github"
      }
    },
    "pythoneda-realm-unveilingpartner": {
      "inputs": {
        "flake-utils": [
          "flake-utils"
        ],
        "nixos": [
          "nixos"
        ],
        "pythoneda-artifact-event-git-tagging": "pythoneda-artifact-event-git-tagging",
        "pythoneda-base": [
          "pythoneda-base"
        ]
      },
      "locked": {
        "lastModified": 1687941514,
        "narHash": "sha256-AeS76wS+OIOAjIdmBkJU8L/dQDBH0ch8DcGLbC/4GQY=",
        "owner": "pythoneda-realm",
        "repo": "unveilingpartner",
        "rev": "50e9868fb029d1d10d36f7ea13b7deaa3fe0c932",
        "type": "github"
      },
      "original": {
        "owner": "pythoneda-realm",
        "ref": "0.0.1a2",
        "repo": "unveilingpartner",
        "type": "github"
      }
    },
    "root": {
      "inputs": {
        "flake-utils": "flake-utils",
        "nixos": "nixos",
        "pythoneda-base": "pythoneda-base",
        "pythoneda-infrastructure-base": "pythoneda-infrastructure-base",
        "pythoneda-realm-unveilingpartner": "pythoneda-realm-unveilingpartner"
      }
    }
  },
  "root": "root",
  "version": 7
}
